{
  "name": "transcode-portal",
  "version": "0.0.0",
  "lockfileVersion": 3,
  "requires": true,
  "packages": {
    "": {
      "name": "transcode-portal",
      "version": "0.0.0",
      "dependencies": {
        "left-pad": "^1.1.0",
        "@acme/parser": "~2.0.0",
        "evil-dep": "^1.0.0",
        "clean-lib": "^3.0.0"
      },
      "devDependencies": {
        "tinylog": "^1.0.0"
      }
    },
    "node_modules/@acme/parser": {
      "version": "2.0.0",
      "dependencies": {
        "left-pad": "^1.2.0"
      }
    },
    "node_modules/clean-lib": {
      "version": "3.2.1"
    },
    "node_modules/evil-dep": {
      "version": "1.0.0"
    },
    "node_modules/left-pad": {
      "version": "1.1.0"
    },
    "node_modules/tinylog": {
      "version": "1.0.0",
      "dev": true
    }
  }
}
