cffi==2.0.0 \
    --hash=sha256:730cacb21e1bdff3ce90babf007d0a0917cc3e6492f336c2f0134101e0944f93 \
    --hash=sha256:8941aaadaf67246224cee8c3803777eed332a19d909b47e29c9842ef1e79ac26
cryptography==46.0.4 \
    --hash=sha256:5f14fba5bf6f4390d7ff8f086c566454bff0411f6d8aa7af79c88b6f9267aecc \
    --hash=sha256:47bcd19517e6389132f76e2d5303ded6cf3f78903da2158a671be8de024f4cd0 \
    --hash=sha256:01df4f50f314fbe7009f54046e908d1754f19d0c6d3070df1e6268c5a4af09fa \
    --hash=sha256:0a9ad24359fee86f131836a9ac3bffc9329e956624a2d379b613f8f8abaf5255 \
    --hash=sha256:de0f5f4ec8711ebc555f54735d4c673fc34b65c44283895f1a08c2b49d2fd99c \
    --hash=sha256:3d425eacbc9aceafd2cb429e42f4e5d5633c6f873f5e567077043ef1b9bbf616
duckdb==1.5.4 \
    --hash=sha256:02dd9f9a6124069213f13e3a474c208028c472fe1acdae12b38761f954fe4fc6 \
    --hash=sha256:ccc7f2694d02b4763fee61021d45e12f7bc5743993686563957df0cef799fbae
iniconfig==2.3.0 \
    --hash=sha256:f631c04d2c48c52b84d0d0549c99ff3859c98df65b3101406327ecc7d53fbf12
packaging==26.2 \
    --hash=sha256:5fc45236b9446107ff2415ce77c807cee2862cb6fac22b8a73826d0693b0980e
pluggy==1.6.0 \
    --hash=sha256:e920276dd6813095e9377c0bc5566d94c932c33b27a3e3945d8389c374dd4746
pyarrow==21.0.0 \
    --hash=sha256:479ee41399fcddc46159a551705b89c05f11e8b8cb8e968f7fec64f62d91985e \
    --hash=sha256:40ebfcb54a4f11bcde86bc586cbd0272bac0d516cfa539c799c2453768477569
pycparser==2.23 \
    --hash=sha256:e5c6e8d3fbad53479cab09ac03729e0a9faf2bee3db8208a550daf5af81a5934
pygments==2.20.0 \
    --hash=sha256:81a9e26dd42fd28a23a2d169d86d7ac03b46e2f8b59ed4698fb4785f946d0176
pytest==8.4.2 \
    --hash=sha256:872f880de3fc3a5bdc88a11b39c9710c3497a547cfa9320bc3c5e62fbf272e79
pytest-json-ctrf==0.3.5 \
    --hash=sha256:e82fd1d69be2f92385bc33540063e5ad7b17b36de67764c84f3ceb9815a895e9
